{
  "nodes": {
    "mozilla-overlay": {
      "flake": false,
      "locked": {
        "lastModified": 1690536331,
        "narHash": "sha256-aRIf2FB2GTdfF7gl13WyETmiV/J7EhBGkSWXfZvlxcA=",
        "owner": "mozilla",
        "repo": "nixpkgs-mozilla",
        "rev": "db89c8707edcffefcd8e738459d511543a339ff5",
        "type": "github"
      },
      "original": {
        "owner": "mozilla",
        "repo": "nixpkgs-mozilla",
        "type": "github"
      }
    },
    "nixpkgs": {
      "locked": {
        "lastModified": 1691421349,
        "narHash": "sha256-RRJyX0CUrs4uW4gMhd/X4rcDG8PTgaaCQM5rXEJOx6g=",
        "owner": "NixOS",
        "repo": "nixpkgs",
        "rev": "011567f35433879aae5024fc6ec53f2a0568a6c4",
        "type": "github"
      },
      "original": {
        "owner": "NixOS",
        "ref": "nixos-23.05",
        "repo": "nixpkgs",
        "type": "github"
      }
    },
    "root": {
      "inputs": {
        "mozilla-overlay": "mozilla-overlay",
        "nixpkgs": "nixpkgs"
      }
    }
  },
  "root": "root",
  "version": 7
}
